last_project_hash: ec15b2ab171a60d4ec0fcbaa50a116c774a6a83d-dirty-6feb7cef7cb49e8fb83bd9a4a1413bb0
managed_docs:
- doc_path: README.md
  tracking_type: project
  source_refs:
  - .
  last_source_hash: ec15b2ab171a60d4ec0fcbaa50a116c774a6a83d-dirty-6feb7cef7cb49e8fb83bd9a4a1413bb0
  updated_at: '2026-04-07T02:22:00.625562'
